
Microsoft Visual Studio Solution File, Format Version 12.00
# Visual Studio Version 17
VisualStudioVersion = 17.2.32630.192
MinimumVisualStudioVersion = 10.0.40219.1
Project("{FAE04EC0-301F-11D3-BF4B-00C04F79EFBC}") = "test2", "test2\test2.csproj", "{31C8C378-16A7-4F38-8CB3-52251BF4A47C}"
EndProject
Global
	GlobalSection(SolutionConfigurationPlatforms) = preSolution
		Debug|Any CPU = Debug|Any CPU
		Release|Any CPU = Release|Any CPU
	EndGlobalSection
	GlobalSection(ProjectConfigurationPlatforms) = postSolution
		{31C8C378-16A7-4F38-8CB3-52251BF4A47C}.Debug|Any CPU.ActiveCfg = Debug|Any CPU
		{31C8C378-16A7-4F38-8CB3-52251BF4A47C}.Debug|Any CPU.Build.0 = Debug|Any CPU
		{31C8C378-16A7-4F38-8CB3-52251BF4A47C}.Release|Any CPU.ActiveCfg = Release|Any CPU
		{31C8C378-16A7-4F38-8CB3-52251BF4A47C}.Release|Any CPU.Build.0 = Release|Any CPU
	EndGlobalSection
	GlobalSection(SolutionProperties) = preSolution
		HideSolutionNode = FALSE
	EndGlobalSection
	GlobalSection(ExtensibilityGlobals) = postSolution
		SolutionGuid = {2A619058-C84A-4605-818C-5144C0F4E7E6}
	EndGlobalSection
EndGlobal
